// !$*UTF8*$!
{
	archiveVersion = 1;
	classes = {
	};
	objectVersion = 46;
	objects = {

/* Begin PBXBuildFile section */
		220E414C1F1A21DB00A5E315 /* BrandsInTownFetcher.swift in Sources */ = {isa = PBXBuildFile; fileRef = 220E414A1F1A21DB00A5E315 /* BrandsInTownFetcher.swift */; };
		220E414D1F1A21DB00A5E315 /* DataProvider.swift in Sources */ = {isa = PBXBuildFile; fileRef = 220E414B1F1A21DB00A5E315 /* DataProvider.swift */; };
		2213ACE61F1BF9CE002B2BCB /* ConnectivityChecker.swift in Sources */ = {isa = PBXBuildFile; fileRef = 2213ACE51F1BF9CE002B2BCB /* ConnectivityChecker.swift */; };
		22291A911F1A09B900E985C2 /* AppDelegate.swift in Sources */ = {isa = PBXBuildFile; fileRef = 22291A901F1A09B900E985C2 /* AppDelegate.swift */; };
		22291A931F1A09B900E985C2 /* SearchViewController.swift in Sources */ = {isa = PBXBuildFile; fileRef = 22291A921F1A09B900E985C2 /* SearchViewController.swift */; };
		22291A961F1A09B900E985C2 /* Main.storyboard in Resources */ = {isa = PBXBuildFile; fileRef = 22291A941F1A09B900E985C2 /* Main.storyboard */; };
		22291A991F1A09B900E985C2 /* BrandsInTown.xcdatamodeld in Sources */ = {isa = PBXBuildFile; fileRef = 22291A971F1A09B900E985C2 /* BrandsInTown.xcdatamodeld */; };
		22291A9B1F1A09B900E985C2 /* Assets.xcassets in Resources */ = {isa = PBXBuildFile; fileRef = 22291A9A1F1A09B900E985C2 /* Assets.xcassets */; };
		22291A9E1F1A09B900E985C2 /* LaunchScreen.storyboard in Resources */ = {isa = PBXBuildFile; fileRef = 22291A9C1F1A09B900E985C2 /* LaunchScreen.storyboard */; };
		225177C71F1A8E0C006189BC /* EventTableViewController.swift in Sources */ = {isa = PBXBuildFile; fileRef = 225177C61F1A8E0C006189BC /* EventTableViewController.swift */; };
		225177D21F1A945A006189BC /* Artist.swift in Sources */ = {isa = PBXBuildFile; fileRef = 225177CF1F1A945A006189BC /* Artist.swift */; };
		225177D31F1A945A006189BC /* Event.swift in Sources */ = {isa = PBXBuildFile; fileRef = 225177D01F1A945A006189BC /* Event.swift */; };
		225177D41F1A945A006189BC /* Venue.swift in Sources */ = {isa = PBXBuildFile; fileRef = 225177D11F1A945A006189BC /* Venue.swift */; };
		225177E31F1A960E006189BC /* ArtistTableViewCell.swift in Sources */ = {isa = PBXBuildFile; fileRef = 225177E11F1A960E006189BC /* ArtistTableViewCell.swift */; };
		225177E41F1A960E006189BC /* EventTableViewCell.swift in Sources */ = {isa = PBXBuildFile; fileRef = 225177E21F1A960E006189BC /* EventTableViewCell.swift */; };
		22800FB91F1E8E1700F97CCF /* DecomposedDate.swift in Sources */ = {isa = PBXBuildFile; fileRef = 22800FB81F1E8E1700F97CCF /* DecomposedDate.swift */; };
		22800FBB1F1E8E2A00F97CCF /* Fonts.swift in Sources */ = {isa = PBXBuildFile; fileRef = 22800FBA1F1E8E2A00F97CCF /* Fonts.swift */; };
		30ED3CEF216A3425EFE1C020 /* Pods_BrandsInTown.framework in Frameworks */ = {isa = PBXBuildFile; fileRef = FF4B26DDCDF821864E3B96FA /* Pods_BrandsInTown.framework */; };
/* End PBXBuildFile section */

/* Begin PBXFileReference section */
		220E414A1F1A21DB00A5E315 /* BrandsInTownFetcher.swift */ = {isa = PBXFileReference; fileEncoding = 4; lastKnownFileType = sourcecode.swift; name = BrandsInTownFetcher.swift; path = Model/BrandsInTownFetcher.swift; sourceTree = "<group>"; };
		220E414B1F1A21DB00A5E315 /* DataProvider.swift */ = {isa = PBXFileReference; fileEncoding = 4; lastKnownFileType = sourcecode.swift; name = DataProvider.swift; path = Model/DataProvider.swift; sourceTree = "<group>"; };
		2213ACE51F1BF9CE002B2BCB /* ConnectivityChecker.swift */ = {isa = PBXFileReference; fileEncoding = 4; lastKnownFileType = sourcecode.swift; path = ConnectivityChecker.swift; sourceTree = "<group>"; };
		22291A8D1F1A09B900E985C2 /* BrandsInTown.app */ = {isa = PBXFileReference; explicitFileType = wrapper.application; includeInIndex = 0; path = BrandsInTown.app; sourceTree = BUILT_PRODUCTS_DIR; };
		22291A901F1A09B900E985C2 /* AppDelegate.swift */ = {isa = PBXFileReference; lastKnownFileType = sourcecode.swift; path = AppDelegate.swift; sourceTree = "<group>"; };
		22291A921F1A09B900E985C2 /* SearchViewController.swift */ = {isa = PBXFileReference; lastKnownFileType = sourcecode.swift; path = SearchViewController.swift; sourceTree = "<group>"; };
		22291A951F1A09B900E985C2 /* Base */ = {isa = PBXFileReference; lastKnownFileType = file.storyboard; name = Base; path = Base.lproj/Main.storyboard; sourceTree = "<group>"; };
		22291A981F1A09B900E985C2 /* BrandsInTown.xcdatamodel */ = {isa = PBXFileReference; lastKnownFileType = wrapper.xcdatamodel; path = BrandsInTown.xcdatamodel; sourceTree = "<group>"; };
		22291A9A1F1A09B900E985C2 /* Assets.xcassets */ = {isa = PBXFileReference; lastKnownFileType = folder.assetcatalog; path = Assets.xcassets; sourceTree = "<group>"; };
		22291A9D1F1A09B900E985C2 /* Base */ = {isa = PBXFileReference; lastKnownFileType = file.storyboard; name = Base; path = Base.lproj/LaunchScreen.storyboard; sourceTree = "<group>"; };
		22291A9F1F1A09B900E985C2 /* Info.plist */ = {isa = PBXFileReference; lastKnownFileType = text.plist.xml; path = Info.plist; sourceTree = "<group>"; };
		225177C61F1A8E0C006189BC /* EventTableViewController.swift */ = {isa = PBXFileReference; fileEncoding = 4; lastKnownFileType = sourcecode.swift; path = EventTableViewController.swift; sourceTree = "<group>"; };
		225177CF1F1A945A006189BC /* Artist.swift */ = {isa = PBXFileReference; fileEncoding = 4; lastKnownFileType = sourcecode.swift; name = Artist.swift; path = Model/Artist.swift; sourceTree = "<group>"; };
		225177D01F1A945A006189BC /* Event.swift */ = {isa = PBXFileReference; fileEncoding = 4; lastKnownFileType = sourcecode.swift; name = Event.swift; path = Model/Event.swift; sourceTree = "<group>"; };
		225177D11F1A945A006189BC /* Venue.swift */ = {isa = PBXFileReference; fileEncoding = 4; lastKnownFileType = sourcecode.swift; name = Venue.swift; path = Model/Venue.swift; sourceTree = "<group>"; };
		225177E11F1A960E006189BC /* ArtistTableViewCell.swift */ = {isa = PBXFileReference; fileEncoding = 4; lastKnownFileType = sourcecode.swift; path = ArtistTableViewCell.swift; sourceTree = "<group>"; };
		225177E21F1A960E006189BC /* EventTableViewCell.swift */ = {isa = PBXFileReference; fileEncoding = 4; lastKnownFileType = sourcecode.swift; path = EventTableViewCell.swift; sourceTree = "<group>"; };
		22800FB81F1E8E1700F97CCF /* DecomposedDate.swift */ = {isa = PBXFileReference; fileEncoding = 4; lastKnownFileType = sourcecode.swift; path = DecomposedDate.swift; sourceTree = "<group>"; };
		22800FBA1F1E8E2A00F97CCF /* Fonts.swift */ = {isa = PBXFileReference; fileEncoding = 4; lastKnownFileType = sourcecode.swift; path = Fonts.swift; sourceTree = "<group>"; };
		63553B92A742112D75D794A0 /* Pods-BrandsInTown.release.xcconfig */ = {isa = PBXFileReference; includeInIndex = 1; lastKnownFileType = text.xcconfig; name = "Pods-BrandsInTown.release.xcconfig"; path = "Pods/Target Support Files/Pods-BrandsInTown/Pods-BrandsInTown.release.xcconfig"; sourceTree = "<group>"; };
		7CCC62BA0A5771F64247B44A /* Pods-BrandsInTown.debug.xcconfig */ = {isa = PBXFileReference; includeInIndex = 1; lastKnownFileType = text.xcconfig; name = "Pods-BrandsInTown.debug.xcconfig"; path = "Pods/Target Support Files/Pods-BrandsInTown/Pods-BrandsInTown.debug.xcconfig"; sourceTree = "<group>"; };
		FF4B26DDCDF821864E3B96FA /* Pods_BrandsInTown.framework */ = {isa = PBXFileReference; explicitFileType = wrapper.framework; includeInIndex = 0; path = Pods_BrandsInTown.framework; sourceTree = BUILT_PRODUCTS_DIR; };
/* End PBXFileReference section */

/* Begin PBXFrameworksBuildPhase section */
		22291A8A1F1A09B900E985C2 /* Frameworks */ = {
			isa = PBXFrameworksBuildPhase;
			buildActionMask = 2147483647;
			files = (
				30ED3CEF216A3425EFE1C020 /* Pods_BrandsInTown.framework in Frameworks */,
			);
			runOnlyForDeploymentPostprocessing = 0;
		};
/* End PBXFrameworksBuildPhase section */

/* Begin PBXGroup section */
		220E41491F1A216300A5E315 /* Model */ = {
			isa = PBXGroup;
			children = (
				220E414A1F1A21DB00A5E315 /* BrandsInTownFetcher.swift */,
				220E414B1F1A21DB00A5E315 /* DataProvider.swift */,
				225177CF1F1A945A006189BC /* Artist.swift */,
				225177D01F1A945A006189BC /* Event.swift */,
				225177D11F1A945A006189BC /* Venue.swift */,
			);
			name = Model;
			sourceTree = "<group>";
		};
		2213ACD71F1BE838002B2BCB /* CoreDataModels */ = {
			isa = PBXGroup;
			children = (
			);
			name = CoreDataModels;
			sourceTree = "<group>";
		};
		2213ACE41F1BF9A9002B2BCB /* ViewControllers */ = {
			isa = PBXGroup;
			children = (
				225177C61F1A8E0C006189BC /* EventTableViewController.swift */,
				22291A921F1A09B900E985C2 /* SearchViewController.swift */,
			);
			name = ViewControllers;
			sourceTree = "<group>";
		};
		22291A841F1A09B900E985C2 = {
			isa = PBXGroup;
			children = (
				2213ACD71F1BE838002B2BCB /* CoreDataModels */,
				22291A8F1F1A09B900E985C2 /* BrandsInTown */,
				22291A8E1F1A09B900E985C2 /* Products */,
				D0654D115E10C805A5CE6EDD /* Pods */,
				283CEA829EDB6DD141D992E1 /* Frameworks */,
			);
			sourceTree = "<group>";
		};
		22291A8E1F1A09B900E985C2 /* Products */ = {
			isa = PBXGroup;
			children = (
				22291A8D1F1A09B900E985C2 /* BrandsInTown.app */,
			);
			name = Products;
			sourceTree = "<group>";
		};
		22291A8F1F1A09B900E985C2 /* BrandsInTown */ = {
			isa = PBXGroup;
			children = (
				22800FB71F1E8DD500F97CCF /* Helpers */,
				225177E01F1A960E006189BC /* Cells */,
				2213ACE41F1BF9A9002B2BCB /* ViewControllers */,
				220E41491F1A216300A5E315 /* Model */,
				22291A901F1A09B900E985C2 /* AppDelegate.swift */,
				22291A941F1A09B900E985C2 /* Main.storyboard */,
				22291A9A1F1A09B900E985C2 /* Assets.xcassets */,
				22291A9C1F1A09B900E985C2 /* LaunchScreen.storyboard */,
				22291A9F1F1A09B900E985C2 /* Info.plist */,
				22291A971F1A09B900E985C2 /* BrandsInTown.xcdatamodeld */,
				2213ACE51F1BF9CE002B2BCB /* ConnectivityChecker.swift */,
			);
			path = BrandsInTown;
			sourceTree = "<group>";
		};
		225177E01F1A960E006189BC /* Cells */ = {
			isa = PBXGroup;
			children = (
				225177E11F1A960E006189BC /* ArtistTableViewCell.swift */,
				225177E21F1A960E006189BC /* EventTableViewCell.swift */,
			);
			path = Cells;
			sourceTree = "<group>";
		};
		22800FB71F1E8DD500F97CCF /* Helpers */ = {
			isa = PBXGroup;
			children = (
				22800FB81F1E8E1700F97CCF /* DecomposedDate.swift */,
				22800FBA1F1E8E2A00F97CCF /* Fonts.swift */,
			);
			name = Helpers;
			sourceTree = "<group>";
		};
		283CEA829EDB6DD141D992E1 /* Frameworks */ = {
			isa = PBXGroup;
			children = (
				FF4B26DDCDF821864E3B96FA /* Pods_BrandsInTown.framework */,
			);
			name = Frameworks;
			sourceTree = "<group>";
		};
		D0654D115E10C805A5CE6EDD /* Pods */ = {
			isa = PBXGroup;
			children = (
				7CCC62BA0A5771F64247B44A /* Pods-BrandsInTown.debug.xcconfig */,
				63553B92A742112D75D794A0 /* Pods-BrandsInTown.release.xcconfig */,
			);
			name = Pods;
			sourceTree = "<group>";
		};
/* End PBXGroup section */

/* Begin PBXNativeTarget section */
		22291A8C1F1A09B900E985C2 /* BrandsInTown */ = {
			isa = PBXNativeTarget;
			buildConfigurationList = 22291AA21F1A09B900E985C2 /* Build configuration list for PBXNativeTarget "BrandsInTown" */;
			buildPhases = (
				862D44522A343AE846CA6398 /* [CP] Check Pods Manifest.lock */,
				22291A891F1A09B900E985C2 /* Sources */,
				22291A8A1F1A09B900E985C2 /* Frameworks */,
				22291A8B1F1A09B900E985C2 /* Resources */,
				D6E38894DA6A79748BAFE5AD /* [CP] Embed Pods Frameworks */,
				CACED360DE6385D63AEEF2CF /* [CP] Copy Pods Resources */,
			);
			buildRules = (
			);
			dependencies = (
			);
			name = BrandsInTown;
			productName = BrandsInTown;
			productReference = 22291A8D1F1A09B900E985C2 /* BrandsInTown.app */;
			productType = "com.apple.product-type.application";
		};
/* End PBXNativeTarget section */

/* Begin PBXProject section */
		22291A851F1A09B900E985C2 /* Project object */ = {
			isa = PBXProject;
			attributes = {
				LastSwiftUpdateCheck = 0820;
				LastUpgradeCheck = 0820;
				ORGANIZATIONNAME = "Mikhail Lyapich";
				TargetAttributes = {
					22291A8C1F1A09B900E985C2 = {
						CreatedOnToolsVersion = 8.2.1;
						DevelopmentTeam = 28KSWK7BBM;
						ProvisioningStyle = Automatic;
					};
				};
			};
			buildConfigurationList = 22291A881F1A09B900E985C2 /* Build configuration list for PBXProject "BrandsInTown" */;
			compatibilityVersion = "Xcode 3.2";
			developmentRegion = English;
			hasScannedForEncodings = 0;
			knownRegions = (
				en,
				Base,
			);
			mainGroup = 22291A841F1A09B900E985C2;
			productRefGroup = 22291A8E1F1A09B900E985C2 /* Products */;
			projectDirPath = "";
			projectRoot = "";
			targets = (
				22291A8C1F1A09B900E985C2 /* BrandsInTown */,
			);
		};
/* End PBXProject section */

/* Begin PBXResourcesBuildPhase section */
		22291A8B1F1A09B900E985C2 /* Resources */ = {
			isa = PBXResourcesBuildPhase;
			buildActionMask = 2147483647;
			files = (
				22291A9E1F1A09B900E985C2 /* LaunchScreen.storyboard in Resources */,
				22291A9B1F1A09B900E985C2 /* Assets.xcassets in Resources */,
				22291A961F1A09B900E985C2 /* Main.storyboard in Resources */,
			);
			runOnlyForDeploymentPostprocessing = 0;
		};
/* End PBXResourcesBuildPhase section */

/* Begin PBXShellScriptBuildPhase section */
		862D44522A343AE846CA6398 /* [CP] Check Pods Manifest.lock */ = {
			isa = PBXShellScriptBuildPhase;
			buildActionMask = 2147483647;
			files = (
			);
			inputPaths = (
			);
			name = "[CP] Check Pods Manifest.lock";
			outputPaths = (
			);
			runOnlyForDeploymentPostprocessing = 0;
			shellPath = /bin/sh;
			shellScript = "diff \"${PODS_ROOT}/../Podfile.lock\" \"${PODS_ROOT}/Manifest.lock\" > /dev/null\nif [ $? != 0 ] ; then\n    # print error to STDERR\n    echo \"error: The sandbox is not in sync with the Podfile.lock. Run 'pod install' or update your CocoaPods installation.\" >&2\n    exit 1\nfi\n";
			showEnvVarsInLog = 0;
		};
		CACED360DE6385D63AEEF2CF /* [CP] Copy Pods Resources */ = {
			isa = PBXShellScriptBuildPhase;
			buildActionMask = 2147483647;
			files = (
			);
			inputPaths = (
			);
			name = "[CP] Copy Pods Resources";
			outputPaths = (
			);
			runOnlyForDeploymentPostprocessing = 0;
			shellPath = /bin/sh;
			shellScript = "\"${SRCROOT}/Pods/Target Support Files/Pods-BrandsInTown/Pods-BrandsInTown-resources.sh\"\n";
			showEnvVarsInLog = 0;
		};
		D6E38894DA6A79748BAFE5AD /* [CP] Embed Pods Frameworks */ = {
			isa = PBXShellScriptBuildPhase;
			buildActionMask = 2147483647;
			files = (
			);
			inputPaths = (
			);
			name = "[CP] Embed Pods Frameworks";
			outputPaths = (
			);
			runOnlyForDeploymentPostprocessing = 0;
			shellPath = /bin/sh;
			shellScript = "\"${SRCROOT}/Pods/Target Support Files/Pods-BrandsInTown/Pods-BrandsInTown-frameworks.sh\"\n";
			showEnvVarsInLog = 0;
		};
/* End PBXShellScriptBuildPhase section */

/* Begin PBXSourcesBuildPhase section */
		22291A891F1A09B900E985C2 /* Sources */ = {
			isa = PBXSourcesBuildPhase;
			buildActionMask = 2147483647;
			files = (
				22800FBB1F1E8E2A00F97CCF /* Fonts.swift in Sources */,
				225177C71F1A8E0C006189BC /* EventTableViewController.swift in Sources */,
				225177E41F1A960E006189BC /* EventTableViewCell.swift in Sources */,
				225177D21F1A945A006189BC /* Artist.swift in Sources */,
				225177E31F1A960E006189BC /* ArtistTableViewCell.swift in Sources */,
				225177D41F1A945A006189BC /* Venue.swift in Sources */,
				225177D31F1A945A006189BC /* Event.swift in Sources */,
				22291A931F1A09B900E985C2 /* SearchViewController.swift in Sources */,
				22291A991F1A09B900E985C2 /* BrandsInTown.xcdatamodeld in Sources */,
				22800FB91F1E8E1700F97CCF /* DecomposedDate.swift in Sources */,
				2213ACE61F1BF9CE002B2BCB /* ConnectivityChecker.swift in Sources */,
				220E414D1F1A21DB00A5E315 /* DataProvider.swift in Sources */,
				220E414C1F1A21DB00A5E315 /* BrandsInTownFetcher.swift in Sources */,
				22291A911F1A09B900E985C2 /* AppDelegate.swift in Sources */,
			);
			runOnlyForDeploymentPostprocessing = 0;
		};
/* End PBXSourcesBuildPhase section */

/* Begin PBXVariantGroup section */
		22291A941F1A09B900E985C2 /* Main.storyboard */ = {
			isa = PBXVariantGroup;
			children = (
				22291A951F1A09B900E985C2 /* Base */,
			);
			name = Main.storyboard;
			sourceTree = "<group>";
		};
		22291A9C1F1A09B900E985C2 /* LaunchScreen.storyboard */ = {
			isa = PBXVariantGroup;
			children = (
				22291A9D1F1A09B900E985C2 /* Base */,
			);
			name = LaunchScreen.storyboard;
			sourceTree = "<group>";
		};
/* End PBXVariantGroup section */

/* Begin XCBuildConfiguration section */
		22291AA01F1A09B900E985C2 /* Debug */ = {
			isa = XCBuildConfiguration;
			buildSettings = {
				ALWAYS_SEARCH_USER_PATHS = NO;
				CLANG_ANALYZER_NONNULL = YES;
				CLANG_CXX_LANGUAGE_STANDARD = "gnu++0x";
				CLANG_CXX_LIBRARY = "libc++";
				CLANG_ENABLE_MODULES = YES;
				CLANG_ENABLE_OBJC_ARC = YES;
				CLANG_WARN_BOOL_CONVERSION = YES;
				CLANG_WARN_CONSTANT_CONVERSION = YES;
				CLANG_WARN_DIRECT_OBJC_ISA_USAGE = YES_ERROR;
				CLANG_WARN_DOCUMENTATION_COMMENTS = YES;
				CLANG_WARN_EMPTY_BODY = YES;
				CLANG_WARN_ENUM_CONVERSION = YES;
				CLANG_WARN_INFINITE_RECURSION = YES;
				CLANG_WARN_INT_CONVERSION = YES;
				CLANG_WARN_OBJC_ROOT_CLASS = YES_ERROR;
				CLANG_WARN_SUSPICIOUS_MOVE = YES;
				CLANG_WARN_UNREACHABLE_CODE = YES;
				CLANG_WARN__DUPLICATE_METHOD_MATCH = YES;
				"CODE_SIGN_IDENTITY[sdk=iphoneos*]" = "iPhone Developer";
				COPY_PHASE_STRIP = NO;
				DEBUG_INFORMATION_FORMAT = dwarf;
				ENABLE_STRICT_OBJC_MSGSEND = YES;
				ENABLE_TESTABILITY = YES;
				GCC_C_LANGUAGE_STANDARD = gnu99;
				GCC_DYNAMIC_NO_PIC = NO;
				GCC_NO_COMMON_BLOCKS = YES;
				GCC_OPTIMIZATION_LEVEL = 0;
				GCC_PREPROCESSOR_DEFINITIONS = (
					"DEBUG=1",
					"$(inherited)",
				);
				GCC_WARN_64_TO_32_BIT_CONVERSION = YES;
				GCC_WARN_ABOUT_RETURN_TYPE = YES_ERROR;
				GCC_WARN_UNDECLARED_SELECTOR = YES;
				GCC_WARN_UNINITIALIZED_AUTOS = YES_AGGRESSIVE;
				GCC_WARN_UNUSED_FUNCTION = YES;
				GCC_WARN_UNUSED_VARIABLE = YES;
				IPHONEOS_DEPLOYMENT_TARGET = 10.2;
				MTL_ENABLE_DEBUG_INFO = YES;
				ONLY_ACTIVE_ARCH = YES;
				SDKROOT = iphoneos;
				SWIFT_ACTIVE_COMPILATION_CONDITIONS = DEBUG;
				SWIFT_OPTIMIZATION_LEVEL = "-Onone";
			};
			name = Debug;
		};
		22291AA11F1A09B900E985C2 /* Release */ = {
			isa = XCBuildConfiguration;
			buildSettings = {
				ALWAYS_SEARCH_USER_PATHS = NO;
				CLANG_ANALYZER_NONNULL = YES;
				CLANG_CXX_LANGUAGE_STANDARD = "gnu++0x";
				CLANG_CXX_LIBRARY = "libc++";
				CLANG_ENABLE_MODULES = YES;
				CLANG_ENABLE_OBJC_ARC = YES;
				CLANG_WARN_BOOL_CONVERSION = YES;
				CLANG_WARN_CONSTANT_CONVERSION = YES;
				CLANG_WARN_DIRECT_OBJC_ISA_USAGE = YES_ERROR;
				CLANG_WARN_DOCUMENTATION_COMMENTS = YES;
				CLANG_WARN_EMPTY_BODY = YES;
				CLANG_WARN_ENUM_CONVERSION = YES;
				CLANG_WARN_INFINITE_RECURSION = YES;
				CLANG_WARN_INT_CONVERSION = YES;
				CLANG_WARN_OBJC_ROOT_CLASS = YES_ERROR;
				CLANG_WARN_SUSPICIOUS_MOVE = YES;
				CLANG_WARN_UNREACHABLE_CODE = YES;
				CLANG_WARN__DUPLICATE_METHOD_MATCH = YES;
				"CODE_SIGN_IDENTITY[sdk=iphoneos*]" = "iPhone Developer";
				COPY_PHASE_STRIP = NO;
				DEBUG_INFORMATION_FORMAT = "dwarf-with-dsym";
				ENABLE_NS_ASSERTIONS = NO;
				ENABLE_STRICT_OBJC_MSGSEND = YES;
				GCC_C_LANGUAGE_STANDARD = gnu99;
				GCC_NO_COMMON_BLOCKS = YES;
				GCC_WARN_64_TO_32_BIT_CONVERSION = YES;
				GCC_WARN_ABOUT_RETURN_TYPE = YES_ERROR;
				GCC_WARN_UNDECLARED_SELECTOR = YES;
				GCC_WARN_UNINITIALIZED_AUTOS = YES_AGGRESSIVE;
				GCC_WARN_UNUSED_FUNCTION = YES;
				GCC_WARN_UNUSED_VARIABLE = YES;
				IPHONEOS_DEPLOYMENT_TARGET = 10.2;
				MTL_ENABLE_DEBUG_INFO = NO;
				SDKROOT = iphoneos;
				SWIFT_OPTIMIZATION_LEVEL = "-Owholemodule";
				VALIDATE_PRODUCT = YES;
			};
			name = Release;
		};
		22291AA31F1A09B900E985C2 /* Debug */ = {
			isa = XCBuildConfiguration;
			baseConfigurationReference = 7CCC62BA0A5771F64247B44A /* Pods-BrandsInTown.debug.xcconfig */;
			buildSettings = {
				ASSETCATALOG_COMPILER_APPICON_NAME = AppIcon;
				DEVELOPMENT_TEAM = 28KSWK7BBM;
				INFOPLIST_FILE = BrandsInTown/Info.plist;
				LD_RUNPATH_SEARCH_PATHS = "$(inherited) @executable_path/Frameworks";
				PRODUCT_BUNDLE_IDENTIFIER = com.lovelyman.BrandsInTown;
				PRODUCT_NAME = "$(TARGET_NAME)";
				SWIFT_VERSION = 3.0;
			};
			name = Debug;
		};
		22291AA41F1A09B900E985C2 /* Release */ = {
			isa = XCBuildConfiguration;
			baseConfigurationReference = 63553B92A742112D75D794A0 /* Pods-BrandsInTown.release.xcconfig */;
			buildSettings = {
				ASSETCATALOG_COMPILER_APPICON_NAME = AppIcon;
				DEVELOPMENT_TEAM = 28KSWK7BBM;
				INFOPLIST_FILE = BrandsInTown/Info.plist;
				LD_RUNPATH_SEARCH_PATHS = "$(inherited) @executable_path/Frameworks";
				PRODUCT_BUNDLE_IDENTIFIER = com.lovelyman.BrandsInTown;
				PRODUCT_NAME = "$(TARGET_NAME)";
				SWIFT_VERSION = 3.0;
			};
			name = Release;
		};
/* End XCBuildConfiguration section */

/* Begin XCConfigurationList section */
		22291A881F1A09B900E985C2 /* Build configuration list for PBXProject "BrandsInTown" */ = {
			isa = XCConfigurationList;
			buildConfigurations = (
				22291AA01F1A09B900E985C2 /* Debug */,
				22291AA11F1A09B900E985C2 /* Release */,
			);
			defaultConfigurationIsVisible = 0;
			defaultConfigurationName = Release;
		};
		22291AA21F1A09B900E985C2 /* Build configuration list for PBXNativeTarget "BrandsInTown" */ = {
			isa = XCConfigurationList;
			buildConfigurations = (
				22291AA31F1A09B900E985C2 /* Debug */,
				22291AA41F1A09B900E985C2 /* Release */,
			);
			defaultConfigurationIsVisible = 0;
			defaultConfigurationName = Release;
		};
/* End XCConfigurationList section */

/* Begin XCVersionGroup section */
		22291A971F1A09B900E985C2 /* BrandsInTown.xcdatamodeld */ = {
			isa = XCVersionGroup;
			children = (
				22291A981F1A09B900E985C2 /* BrandsInTown.xcdatamodel */,
			);
			currentVersion = 22291A981F1A09B900E985C2 /* BrandsInTown.xcdatamodel */;
			path = BrandsInTown.xcdatamodeld;
			sourceTree = "<group>";
			versionGroupType = wrapper.xcdatamodel;
		};
/* End XCVersionGroup section */
	};
	rootObject = 22291A851F1A09B900E985C2 /* Project object */;
}
